
Microsoft Visual Studio Solution File, Format Version 12.00
# Visual Studio Version 17
VisualStudioVersion = 17.14.36518.9 d17.14
MinimumVisualStudioVersion = 10.0.40219.1
Project("{FAE04EC0-301F-11D3-BF4B-00C04F79EFBC}") = "baithi2", "baithi2.csproj", "{5E429298-0733-4B64-B1A8-2D7B290EDA0C}"
EndProject
Global
	GlobalSection(SolutionConfigurationPlatforms) = preSolution
		Debug|Any CPU = Debug|Any CPU
		Release|Any CPU = Release|Any CPU
	EndGlobalSection
	GlobalSection(ProjectConfigurationPlatforms) = postSolution
		{5E429298-0733-4B64-B1A8-2D7B290EDA0C}.Debug|Any CPU.ActiveCfg = Debug|Any CPU
		{5E429298-0733-4B64-B1A8-2D7B290EDA0C}.Debug|Any CPU.Build.0 = Debug|Any CPU
		{5E429298-0733-4B64-B1A8-2D7B290EDA0C}.Release|Any CPU.ActiveCfg = Release|Any CPU
		{5E429298-0733-4B64-B1A8-2D7B290EDA0C}.Release|Any CPU.Build.0 = Release|Any CPU
	EndGlobalSection
	GlobalSection(SolutionProperties) = preSolution
		HideSolutionNode = FALSE
	EndGlobalSection
	GlobalSection(ExtensibilityGlobals) = postSolution
		SolutionGuid = {1075DF39-6DD6-456F-85D9-60B2FCA278DB}
	EndGlobalSection
EndGlobal
